// !$*UTF8*$!
{
	archiveVersion = 1;
	classes = {
	};
	objectVersion = 55;
	objects = {

/* Begin PBXBuildFile section */
		210ECC9227A9FD9F0006929C /* MovieGridViewController.swift in Sources */ = {isa = PBXBuildFile; fileRef = 210ECC9127A9FD9E0006929C /* MovieGridViewController.swift */; };
		210ECC9427AA12440006929C /* MovieGridCell.swift in Sources */ = {isa = PBXBuildFile; fileRef = 210ECC9327AA12440006929C /* MovieGridCell.swift */; };
		214A116C27A9E7BA006EF489 /* MovieDetailsViewController.swift in Sources */ = {isa = PBXBuildFile; fileRef = 214A116B27A9E7BA006EF489 /* MovieDetailsViewController.swift */; };
		21D5D128279E2CE400DA0ABB /* AppDelegate.swift in Sources */ = {isa = PBXBuildFile; fileRef = 21D5D127279E2CE400DA0ABB /* AppDelegate.swift */; };
		21D5D12A279E2CE400DA0ABB /* SceneDelegate.swift in Sources */ = {isa = PBXBuildFile; fileRef = 21D5D129279E2CE400DA0ABB /* SceneDelegate.swift */; };
		21D5D12C279E2CE400DA0ABB /* ViewController.swift in Sources */ = {isa = PBXBuildFile; fileRef = 21D5D12B279E2CE400DA0ABB /* ViewController.swift */; };
		21D5D12F279E2CE400DA0ABB /* Main.storyboard in Resources */ = {isa = PBXBuildFile; fileRef = 21D5D12D279E2CE400DA0ABB /* Main.storyboard */; };
		21D5D131279E2CE600DA0ABB /* Assets.xcassets in Resources */ = {isa = PBXBuildFile; fileRef = 21D5D130279E2CE600DA0ABB /* Assets.xcassets */; };
		21D5D134279E2CE600DA0ABB /* LaunchScreen.storyboard in Resources */ = {isa = PBXBuildFile; fileRef = 21D5D132279E2CE600DA0ABB /* LaunchScreen.storyboard */; };
		21D5D13F279E2CE600DA0ABB /* FlixTests.swift in Sources */ = {isa = PBXBuildFile; fileRef = 21D5D13E279E2CE600DA0ABB /* FlixTests.swift */; };
		21D5D149279E2CE600DA0ABB /* FlixUITests.swift in Sources */ = {isa = PBXBuildFile; fileRef = 21D5D148279E2CE600DA0ABB /* FlixUITests.swift */; };
		21D5D14B279E2CE600DA0ABB /* FlixUITestsLaunchTests.swift in Sources */ = {isa = PBXBuildFile; fileRef = 21D5D14A279E2CE600DA0ABB /* FlixUITestsLaunchTests.swift */; };
		21D5D15E27A0E16B00DA0ABB /* MoviesViewController.swift in Sources */ = {isa = PBXBuildFile; fileRef = 21D5D15D27A0E16B00DA0ABB /* MoviesViewController.swift */; };
		21D5D16027A0EE2600DA0ABB /* MovieCell.swift in Sources */ = {isa = PBXBuildFile; fileRef = 21D5D15F27A0EE2600DA0ABB /* MovieCell.swift */; };
		21D5D16327A0F44F00DA0ABB /* AlamofireImage in Frameworks */ = {isa = PBXBuildFile; productRef = 21D5D16227A0F44F00DA0ABB /* AlamofireImage */; };
/* End PBXBuildFile section */

/* Begin PBXContainerItemProxy section */
		21D5D13B279E2CE600DA0ABB /* PBXContainerItemProxy */ = {
			isa = PBXContainerItemProxy;
			containerPortal = 21D5D11C279E2CE400DA0ABB /* Project object */;
			proxyType = 1;
			remoteGlobalIDString = 21D5D123279E2CE400DA0ABB;
			remoteInfo = Flix;
		};
		21D5D145279E2CE600DA0ABB /* PBXContainerItemProxy */ = {
			isa = PBXContainerItemProxy;
			containerPortal = 21D5D11C279E2CE400DA0ABB /* Project object */;
			proxyType = 1;
			remoteGlobalIDString = 21D5D123279E2CE400DA0ABB;
			remoteInfo = Flix;
		};
/* End PBXContainerItemProxy section */

/* Begin PBXFileReference section */
		210ECC9127A9FD9E0006929C /* MovieGridViewController.swift */ = {isa = PBXFileReference; lastKnownFileType = sourcecode.swift; path = MovieGridViewController.swift; sourceTree = "<group>"; };
		210ECC9327AA12440006929C /* MovieGridCell.swift */ = {isa = PBXFileReference; lastKnownFileType = sourcecode.swift; path = MovieGridCell.swift; sourceTree = "<group>"; };
		214A116B27A9E7BA006EF489 /* MovieDetailsViewController.swift */ = {isa = PBXFileReference; lastKnownFileType = sourcecode.swift; path = MovieDetailsViewController.swift; sourceTree = "<group>"; };
		21D5D124279E2CE400DA0ABB /* Flix.app */ = {isa = PBXFileReference; explicitFileType = wrapper.application; includeInIndex = 0; path = Flix.app; sourceTree = BUILT_PRODUCTS_DIR; };
		21D5D127279E2CE400DA0ABB /* AppDelegate.swift */ = {isa = PBXFileReference; lastKnownFileType = sourcecode.swift; path = AppDelegate.swift; sourceTree = "<group>"; };
		21D5D129279E2CE400DA0ABB /* SceneDelegate.swift */ = {isa = PBXFileReference; lastKnownFileType = sourcecode.swift; path = SceneDelegate.swift; sourceTree = "<group>"; };
		21D5D12B279E2CE400DA0ABB /* ViewController.swift */ = {isa = PBXFileReference; lastKnownFileType = sourcecode.swift; path = ViewController.swift; sourceTree = "<group>"; };
		21D5D12E279E2CE400DA0ABB /* Base */ = {isa = PBXFileReference; lastKnownFileType = file.storyboard; name = Base; path = Base.lproj/Main.storyboard; sourceTree = "<group>"; };
		21D5D130279E2CE600DA0ABB /* Assets.xcassets */ = {isa = PBXFileReference; lastKnownFileType = folder.assetcatalog; path = Assets.xcassets; sourceTree = "<group>"; };
		21D5D133279E2CE600DA0ABB /* Base */ = {isa = PBXFileReference; lastKnownFileType = file.storyboard; name = Base; path = Base.lproj/LaunchScreen.storyboard; sourceTree = "<group>"; };
		21D5D135279E2CE600DA0ABB /* Info.plist */ = {isa = PBXFileReference; lastKnownFileType = text.plist.xml; path = Info.plist; sourceTree = "<group>"; };
		21D5D13A279E2CE600DA0ABB /* FlixTests.xctest */ = {isa = PBXFileReference; explicitFileType = wrapper.cfbundle; includeInIndex = 0; path = FlixTests.xctest; sourceTree = BUILT_PRODUCTS_DIR; };
		21D5D13E279E2CE600DA0ABB /* FlixTests.swift */ = {isa = PBXFileReference; lastKnownFileType = sourcecode.swift; path = FlixTests.swift; sourceTree = "<group>"; };
		21D5D144279E2CE600DA0ABB /* FlixUITests.xctest */ = {isa = PBXFileReference; explicitFileType = wrapper.cfbundle; includeInIndex = 0; path = FlixUITests.xctest; sourceTree = BUILT_PRODUCTS_DIR; };
		21D5D148279E2CE600DA0ABB /* FlixUITests.swift */ = {isa = PBXFileReference; lastKnownFileType = sourcecode.swift; path = FlixUITests.swift; sourceTree = "<group>"; };
		21D5D14A279E2CE600DA0ABB /* FlixUITestsLaunchTests.swift */ = {isa = PBXFileReference; lastKnownFileType = sourcecode.swift; path = FlixUITestsLaunchTests.swift; sourceTree = "<group>"; };
		21D5D15D27A0E16B00DA0ABB /* MoviesViewController.swift */ = {isa = PBXFileReference; lastKnownFileType = sourcecode.swift; path = MoviesViewController.swift; sourceTree = "<group>"; };
		21D5D15F27A0EE2600DA0ABB /* MovieCell.swift */ = {isa = PBXFileReference; lastKnownFileType = sourcecode.swift; path = MovieCell.swift; sourceTree = "<group>"; };
/* End PBXFileReference section */

/* Begin PBXFrameworksBuildPhase section */
		21D5D121279E2CE400DA0ABB /* Frameworks */ = {
			isa = PBXFrameworksBuildPhase;
			buildActionMask = 2147483647;
			files = (
				21D5D16327A0F44F00DA0ABB /* AlamofireImage in Frameworks */,
			);
			runOnlyForDeploymentPostprocessing = 0;
		};
		21D5D137279E2CE600DA0ABB /* Frameworks */ = {
			isa = PBXFrameworksBuildPhase;
			buildActionMask = 2147483647;
			files = (
			);
			runOnlyForDeploymentPostprocessing = 0;
		};
		21D5D141279E2CE600DA0ABB /* Frameworks */ = {
			isa = PBXFrameworksBuildPhase;
			buildActionMask = 2147483647;
			files = (
			);
			runOnlyForDeploymentPostprocessing = 0;
		};
/* End PBXFrameworksBuildPhase section */

/* Begin PBXGroup section */
		21D5D11B279E2CE400DA0ABB = {
			isa = PBXGroup;
			children = (
				21D5D126279E2CE400DA0ABB /* Flix */,
				21D5D13D279E2CE600DA0ABB /* FlixTests */,
				21D5D147279E2CE600DA0ABB /* FlixUITests */,
				21D5D125279E2CE400DA0ABB /* Products */,
			);
			sourceTree = "<group>";
		};
		21D5D125279E2CE400DA0ABB /* Products */ = {
			isa = PBXGroup;
			children = (
				21D5D124279E2CE400DA0ABB /* Flix.app */,
				21D5D13A279E2CE600DA0ABB /* FlixTests.xctest */,
				21D5D144279E2CE600DA0ABB /* FlixUITests.xctest */,
			);
			name = Products;
			sourceTree = "<group>";
		};
		21D5D126279E2CE400DA0ABB /* Flix */ = {
			isa = PBXGroup;
			children = (
				21D5D127279E2CE400DA0ABB /* AppDelegate.swift */,
				21D5D129279E2CE400DA0ABB /* SceneDelegate.swift */,
				21D5D12B279E2CE400DA0ABB /* ViewController.swift */,
				21D5D12D279E2CE400DA0ABB /* Main.storyboard */,
				210ECC9327AA12440006929C /* MovieGridCell.swift */,
				210ECC9127A9FD9E0006929C /* MovieGridViewController.swift */,
				214A116B27A9E7BA006EF489 /* MovieDetailsViewController.swift */,
				21D5D15D27A0E16B00DA0ABB /* MoviesViewController.swift */,
				21D5D15F27A0EE2600DA0ABB /* MovieCell.swift */,
				21D5D130279E2CE600DA0ABB /* Assets.xcassets */,
				21D5D132279E2CE600DA0ABB /* LaunchScreen.storyboard */,
				21D5D135279E2CE600DA0ABB /* Info.plist */,
			);
			path = Flix;
			sourceTree = "<group>";
		};
		21D5D13D279E2CE600DA0ABB /* FlixTests */ = {
			isa = PBXGroup;
			children = (
				21D5D13E279E2CE600DA0ABB /* FlixTests.swift */,
			);
			path = FlixTests;
			sourceTree = "<group>";
		};
		21D5D147279E2CE600DA0ABB /* FlixUITests */ = {
			isa = PBXGroup;
			children = (
				21D5D148279E2CE600DA0ABB /* FlixUITests.swift */,
				21D5D14A279E2CE600DA0ABB /* FlixUITestsLaunchTests.swift */,
			);
			path = FlixUITests;
			sourceTree = "<group>";
		};
/* End PBXGroup section */

/* Begin PBXNativeTarget section */
		21D5D123279E2CE400DA0ABB /* Flix */ = {
			isa = PBXNativeTarget;
			buildConfigurationList = 21D5D14E279E2CE600DA0ABB /* Build configuration list for PBXNativeTarget "Flix" */;
			buildPhases = (
				21D5D120279E2CE400DA0ABB /* Sources */,
				21D5D121279E2CE400DA0ABB /* Frameworks */,
				21D5D122279E2CE400DA0ABB /* Resources */,
			);
			buildRules = (
			);
			dependencies = (
			);
			name = Flix;
			packageProductDependencies = (
				21D5D16227A0F44F00DA0ABB /* AlamofireImage */,
			);
			productName = Flix;
			productReference = 21D5D124279E2CE400DA0ABB /* Flix.app */;
			productType = "com.apple.product-type.application";
		};
		21D5D139279E2CE600DA0ABB /* FlixTests */ = {
			isa = PBXNativeTarget;
			buildConfigurationList = 21D5D151279E2CE600DA0ABB /* Build configuration list for PBXNativeTarget "FlixTests" */;
			buildPhases = (
				21D5D136279E2CE600DA0ABB /* Sources */,
				21D5D137279E2CE600DA0ABB /* Frameworks */,
				21D5D138279E2CE600DA0ABB /* Resources */,
			);
			buildRules = (
			);
			dependencies = (
				21D5D13C279E2CE600DA0ABB /* PBXTargetDependency */,
			);
			name = FlixTests;
			productName = FlixTests;
			productReference = 21D5D13A279E2CE600DA0ABB /* FlixTests.xctest */;
			productType = "com.apple.product-type.bundle.unit-test";
		};
		21D5D143279E2CE600DA0ABB /* FlixUITests */ = {
			isa = PBXNativeTarget;
			buildConfigurationList = 21D5D154279E2CE600DA0ABB /* Build configuration list for PBXNativeTarget "FlixUITests" */;
			buildPhases = (
				21D5D140279E2CE600DA0ABB /* Sources */,
				21D5D141279E2CE600DA0ABB /* Frameworks */,
				21D5D142279E2CE600DA0ABB /* Resources */,
			);
			buildRules = (
			);
			dependencies = (
				21D5D146279E2CE600DA0ABB /* PBXTargetDependency */,
			);
			name = FlixUITests;
			productName = FlixUITests;
			productReference = 21D5D144279E2CE600DA0ABB /* FlixUITests.xctest */;
			productType = "com.apple.product-type.bundle.ui-testing";
		};
/* End PBXNativeTarget section */

/* Begin PBXProject section */
		21D5D11C279E2CE400DA0ABB /* Project object */ = {
			isa = PBXProject;
			attributes = {
				BuildIndependentTargetsInParallel = 1;
				LastSwiftUpdateCheck = 1320;
				LastUpgradeCheck = 1320;
				TargetAttributes = {
					21D5D123279E2CE400DA0ABB = {
						CreatedOnToolsVersion = 13.2.1;
					};
					21D5D139279E2CE600DA0ABB = {
						CreatedOnToolsVersion = 13.2.1;
						TestTargetID = 21D5D123279E2CE400DA0ABB;
					};
					21D5D143279E2CE600DA0ABB = {
						CreatedOnToolsVersion = 13.2.1;
						TestTargetID = 21D5D123279E2CE400DA0ABB;
					};
				};
			};
			buildConfigurationList = 21D5D11F279E2CE400DA0ABB /* Build configuration list for PBXProject "Flix" */;
			compatibilityVersion = "Xcode 13.0";
			developmentRegion = en;
			hasScannedForEncodings = 0;
			knownRegions = (
				en,
				Base,
			);
			mainGroup = 21D5D11B279E2CE400DA0ABB;
			packageReferences = (
				21D5D16127A0F44F00DA0ABB /* XCRemoteSwiftPackageReference "AlamofireImage" */,
			);
			productRefGroup = 21D5D125279E2CE400DA0ABB /* Products */;
			projectDirPath = "";
			projectRoot = "";
			targets = (
				21D5D123279E2CE400DA0ABB /* Flix */,
				21D5D139279E2CE600DA0ABB /* FlixTests */,
				21D5D143279E2CE600DA0ABB /* FlixUITests */,
			);
		};
/* End PBXProject section */

/* Begin PBXResourcesBuildPhase section */
		21D5D122279E2CE400DA0ABB /* Resources */ = {
			isa = PBXResourcesBuildPhase;
			buildActionMask = 2147483647;
			files = (
				21D5D134279E2CE600DA0ABB /* LaunchScreen.storyboard in Resources */,
				21D5D131279E2CE600DA0ABB /* Assets.xcassets in Resources */,
				21D5D12F279E2CE400DA0ABB /* Main.storyboard in Resources */,
			);
			runOnlyForDeploymentPostprocessing = 0;
		};
		21D5D138279E2CE600DA0ABB /* Resources */ = {
			isa = PBXResourcesBuildPhase;
			buildActionMask = 2147483647;
			files = (
			);
			runOnlyForDeploymentPostprocessing = 0;
		};
		21D5D142279E2CE600DA0ABB /* Resources */ = {
			isa = PBXResourcesBuildPhase;
			buildActionMask = 2147483647;
			files = (
			);
			runOnlyForDeploymentPostprocessing = 0;
		};
/* End PBXResourcesBuildPhase section */

/* Begin PBXSourcesBuildPhase section */
		21D5D120279E2CE400DA0ABB /* Sources */ = {
			isa = PBXSourcesBuildPhase;
			buildActionMask = 2147483647;
			files = (
				21D5D12C279E2CE400DA0ABB /* ViewController.swift in Sources */,
				21D5D128279E2CE400DA0ABB /* AppDelegate.swift in Sources */,
				214A116C27A9E7BA006EF489 /* MovieDetailsViewController.swift in Sources */,
				210ECC9227A9FD9F0006929C /* MovieGridViewController.swift in Sources */,
				210ECC9427AA12440006929C /* MovieGridCell.swift in Sources */,
				21D5D12A279E2CE400DA0ABB /* SceneDelegate.swift in Sources */,
				21D5D16027A0EE2600DA0ABB /* MovieCell.swift in Sources */,
				21D5D15E27A0E16B00DA0ABB /* MoviesViewController.swift in Sources */,
			);
			runOnlyForDeploymentPostprocessing = 0;
		};
		21D5D136279E2CE600DA0ABB /* Sources */ = {
			isa = PBXSourcesBuildPhase;
			buildActionMask = 2147483647;
			files = (
				21D5D13F279E2CE600DA0ABB /* FlixTests.swift in Sources */,
			);
			runOnlyForDeploymentPostprocessing = 0;
		};
		21D5D140279E2CE600DA0ABB /* Sources */ = {
			isa = PBXSourcesBuildPhase;
			buildActionMask = 2147483647;
			files = (
				21D5D149279E2CE600DA0ABB /* FlixUITests.swift in Sources */,
				21D5D14B279E2CE600DA0ABB /* FlixUITestsLaunchTests.swift in Sources */,
			);
			runOnlyForDeploymentPostprocessing = 0;
		};
/* End PBXSourcesBuildPhase section */

/* Begin PBXTargetDependency section */
		21D5D13C279E2CE600DA0ABB /* PBXTargetDependency */ = {
			isa = PBXTargetDependency;
			target = 21D5D123279E2CE400DA0ABB /* Flix */;
			targetProxy = 21D5D13B279E2CE600DA0ABB /* PBXContainerItemProxy */;
		};
		21D5D146279E2CE600DA0ABB /* PBXTargetDependency */ = {
			isa = PBXTargetDependency;
			target = 21D5D123279E2CE400DA0ABB /* Flix */;
			targetProxy = 21D5D145279E2CE600DA0ABB /* PBXContainerItemProxy */;
		};
/* End PBXTargetDependency section */

/* Begin PBXVariantGroup section */
		21D5D12D279E2CE400DA0ABB /* Main.storyboard */ = {
			isa = PBXVariantGroup;
			children = (
				21D5D12E279E2CE400DA0ABB /* Base */,
			);
			name = Main.storyboard;
			sourceTree = "<group>";
		};
		21D5D132279E2CE600DA0ABB /* LaunchScreen.storyboard */ = {
			isa = PBXVariantGroup;
			children = (
				21D5D133279E2CE600DA0ABB /* Base */,
			);
			name = LaunchScreen.storyboard;
			sourceTree = "<group>";
		};
/* End PBXVariantGroup section */

/* Begin XCBuildConfiguration section */
		21D5D14C279E2CE600DA0ABB /* Debug */ = {
			isa = XCBuildConfiguration;
			buildSettings = {
				ALWAYS_SEARCH_USER_PATHS = NO;
				CLANG_ANALYZER_NONNULL = YES;
				CLANG_ANALYZER_NUMBER_OBJECT_CONVERSION = YES_AGGRESSIVE;
				CLANG_CXX_LANGUAGE_STANDARD = "gnu++17";
				CLANG_CXX_LIBRARY = "libc++";
				CLANG_ENABLE_MODULES = YES;
				CLANG_ENABLE_OBJC_ARC = YES;
				CLANG_ENABLE_OBJC_WEAK = YES;
				CLANG_WARN_BLOCK_CAPTURE_AUTORELEASING = YES;
				CLANG_WARN_BOOL_CONVERSION = YES;
				CLANG_WARN_COMMA = YES;
				CLANG_WARN_CONSTANT_CONVERSION = YES;
				CLANG_WARN_DEPRECATED_OBJC_IMPLEMENTATIONS = YES;
				CLANG_WARN_DIRECT_OBJC_ISA_USAGE = YES_ERROR;
				CLANG_WARN_DOCUMENTATION_COMMENTS = YES;
				CLANG_WARN_EMPTY_BODY = YES;
				CLANG_WARN_ENUM_CONVERSION = YES;
				CLANG_WARN_INFINITE_RECURSION = YES;
				CLANG_WARN_INT_CONVERSION = YES;
				CLANG_WARN_NON_LITERAL_NULL_CONVERSION = YES;
				CLANG_WARN_OBJC_IMPLICIT_RETAIN_SELF = YES;
				CLANG_WARN_OBJC_LITERAL_CONVERSION = YES;
				CLANG_WARN_OBJC_ROOT_CLASS = YES_ERROR;
				CLANG_WARN_QUOTED_INCLUDE_IN_FRAMEWORK_HEADER = YES;
				CLANG_WARN_RANGE_LOOP_ANALYSIS = YES;
				CLANG_WARN_STRICT_PROTOTYPES = YES;
				CLANG_WARN_SUSPICIOUS_MOVE = YES;
				CLANG_WARN_UNGUARDED_AVAILABILITY = YES_AGGRESSIVE;
				CLANG_WARN_UNREACHABLE_CODE = YES;
				CLANG_WARN__DUPLICATE_METHOD_MATCH = YES;
				COPY_PHASE_STRIP = NO;
				DEBUG_INFORMATION_FORMAT = dwarf;
				ENABLE_STRICT_OBJC_MSGSEND = YES;
				ENABLE_TESTABILITY = YES;
				GCC_C_LANGUAGE_STANDARD = gnu11;
				GCC_DYNAMIC_NO_PIC = NO;
				GCC_NO_COMMON_BLOCKS = YES;
				GCC_OPTIMIZATION_LEVEL = 0;
				GCC_PREPROCESSOR_DEFINITIONS = (
					"DEBUG=1",
					"$(inherited)",
				);
				GCC_WARN_64_TO_32_BIT_CONVERSION = YES;
				GCC_WARN_ABOUT_RETURN_TYPE = YES_ERROR;
				GCC_WARN_UNDECLARED_SELECTOR = YES;
				GCC_WARN_UNINITIALIZED_AUTOS = YES_AGGRESSIVE;
				GCC_WARN_UNUSED_FUNCTION = YES;
				GCC_WARN_UNUSED_VARIABLE = YES;
				IPHONEOS_DEPLOYMENT_TARGET = 15.2;
				MTL_ENABLE_DEBUG_INFO = INCLUDE_SOURCE;
				MTL_FAST_MATH = YES;
				ONLY_ACTIVE_ARCH = YES;
				SDKROOT = iphoneos;
				SWIFT_ACTIVE_COMPILATION_CONDITIONS = DEBUG;
				SWIFT_OPTIMIZATION_LEVEL = "-Onone";
			};
			name = Debug;
		};
		21D5D14D279E2CE600DA0ABB /* Release */ = {
			isa = XCBuildConfiguration;
			buildSettings = {
				ALWAYS_SEARCH_USER_PATHS = NO;
				CLANG_ANALYZER_NONNULL = YES;
				CLANG_ANALYZER_NUMBER_OBJECT_CONVERSION = YES_AGGRESSIVE;
				CLANG_CXX_LANGUAGE_STANDARD = "gnu++17";
				CLANG_CXX_LIBRARY = "libc++";
				CLANG_ENABLE_MODULES = YES;
				CLANG_ENABLE_OBJC_ARC = YES;
				CLANG_ENABLE_OBJC_WEAK = YES;
				CLANG_WARN_BLOCK_CAPTURE_AUTORELEASING = YES;
				CLANG_WARN_BOOL_CONVERSION = YES;
				CLANG_WARN_COMMA = YES;
				CLANG_WARN_CONSTANT_CONVERSION = YES;
				CLANG_WARN_DEPRECATED_OBJC_IMPLEMENTATIONS = YES;
				CLANG_WARN_DIRECT_OBJC_ISA_USAGE = YES_ERROR;
				CLANG_WARN_DOCUMENTATION_COMMENTS = YES;
				CLANG_WARN_EMPTY_BODY = YES;
				CLANG_WARN_ENUM_CONVERSION = YES;
				CLANG_WARN_INFINITE_RECURSION = YES;
				CLANG_WARN_INT_CONVERSION = YES;
				CLANG_WARN_NON_LITERAL_NULL_CONVERSION = YES;
				CLANG_WARN_OBJC_IMPLICIT_RETAIN_SELF = YES;
				CLANG_WARN_OBJC_LITERAL_CONVERSION = YES;
				CLANG_WARN_OBJC_ROOT_CLASS = YES_ERROR;
				CLANG_WARN_QUOTED_INCLUDE_IN_FRAMEWORK_HEADER = YES;
				CLANG_WARN_RANGE_LOOP_ANALYSIS = YES;
				CLANG_WARN_STRICT_PROTOTYPES = YES;
				CLANG_WARN_SUSPICIOUS_MOVE = YES;
				CLANG_WARN_UNGUARDED_AVAILABILITY = YES_AGGRESSIVE;
				CLANG_WARN_UNREACHABLE_CODE = YES;
				CLANG_WARN__DUPLICATE_METHOD_MATCH = YES;
				COPY_PHASE_STRIP = NO;
				DEBUG_INFORMATION_FORMAT = "dwarf-with-dsym";
				ENABLE_NS_ASSERTIONS = NO;
				ENABLE_STRICT_OBJC_MSGSEND = YES;
				GCC_C_LANGUAGE_STANDARD = gnu11;
				GCC_NO_COMMON_BLOCKS = YES;
				GCC_WARN_64_TO_32_BIT_CONVERSION = YES;
				GCC_WARN_ABOUT_RETURN_TYPE = YES_ERROR;
				GCC_WARN_UNDECLARED_SELECTOR = YES;
				GCC_WARN_UNINITIALIZED_AUTOS = YES_AGGRESSIVE;
				GCC_WARN_UNUSED_FUNCTION = YES;
				GCC_WARN_UNUSED_VARIABLE = YES;
				IPHONEOS_DEPLOYMENT_TARGET = 15.2;
				MTL_ENABLE_DEBUG_INFO = NO;
				MTL_FAST_MATH = YES;
				SDKROOT = iphoneos;
				SWIFT_COMPILATION_MODE = wholemodule;
				SWIFT_OPTIMIZATION_LEVEL = "-O";
				VALIDATE_PRODUCT = YES;
			};
			name = Release;
		};
		21D5D14F279E2CE600DA0ABB /* Debug */ = {
			isa = XCBuildConfiguration;
			buildSettings = {
				ASSETCATALOG_COMPILER_APPICON_NAME = AppIcon;
				ASSETCATALOG_COMPILER_GLOBAL_ACCENT_COLOR_NAME = AccentColor;
				CODE_SIGN_STYLE = Automatic;
				CURRENT_PROJECT_VERSION = 1;
				DEVELOPMENT_TEAM = 55GRJNAN44;
				GENERATE_INFOPLIST_FILE = YES;
				INFOPLIST_FILE = Flix/Info.plist;
				INFOPLIST_KEY_UIApplicationSupportsIndirectInputEvents = YES;
				INFOPLIST_KEY_UILaunchStoryboardName = LaunchScreen;
				INFOPLIST_KEY_UIMainStoryboardFile = Main;
				INFOPLIST_KEY_UISupportedInterfaceOrientations_iPad = "UIInterfaceOrientationPortrait UIInterfaceOrientationPortraitUpsideDown UIInterfaceOrientationLandscapeLeft UIInterfaceOrientationLandscapeRight";
				INFOPLIST_KEY_UISupportedInterfaceOrientations_iPhone = "UIInterfaceOrientationPortrait UIInterfaceOrientationLandscapeLeft UIInterfaceOrientationLandscapeRight";
				LD_RUNPATH_SEARCH_PATHS = (
					"$(inherited)",
					"@executable_path/Frameworks",
				);
				MARKETING_VERSION = 1.0;
				PRODUCT_BUNDLE_IDENTIFIER = rama.Flix;
				PRODUCT_NAME = "$(TARGET_NAME)";
				SWIFT_EMIT_LOC_STRINGS = YES;
				SWIFT_VERSION = 5.0;
				TARGETED_DEVICE_FAMILY = "1,2";
			};
			name = Debug;
		};
		21D5D150279E2CE600DA0ABB /* Release */ = {
			isa = XCBuildConfiguration;
			buildSettings = {
				ASSETCATALOG_COMPILER_APPICON_NAME = AppIcon;
				ASSETCATALOG_COMPILER_GLOBAL_ACCENT_COLOR_NAME = AccentColor;
				CODE_SIGN_STYLE = Automatic;
				CURRENT_PROJECT_VERSION = 1;
				DEVELOPMENT_TEAM = 55GRJNAN44;
				GENERATE_INFOPLIST_FILE = YES;
				INFOPLIST_FILE = Flix/Info.plist;
				INFOPLIST_KEY_UIApplicationSupportsIndirectInputEvents = YES;
				INFOPLIST_KEY_UILaunchStoryboardName = LaunchScreen;
				INFOPLIST_KEY_UIMainStoryboardFile = Main;
				INFOPLIST_KEY_UISupportedInterfaceOrientations_iPad = "UIInterfaceOrientationPortrait UIInterfaceOrientationPortraitUpsideDown UIInterfaceOrientationLandscapeLeft UIInterfaceOrientationLandscapeRight";
				INFOPLIST_KEY_UISupportedInterfaceOrientations_iPhone = "UIInterfaceOrientationPortrait UIInterfaceOrientationLandscapeLeft UIInterfaceOrientationLandscapeRight";
				LD_RUNPATH_SEARCH_PATHS = (
					"$(inherited)",
					"@executable_path/Frameworks",
				);
				MARKETING_VERSION = 1.0;
				PRODUCT_BUNDLE_IDENTIFIER = rama.Flix;
				PRODUCT_NAME = "$(TARGET_NAME)";
				SWIFT_EMIT_LOC_STRINGS = YES;
				SWIFT_VERSION = 5.0;
				TARGETED_DEVICE_FAMILY = "1,2";
			};
			name = Release;
		};
		21D5D152279E2CE600DA0ABB /* Debug */ = {
			isa = XCBuildConfiguration;
			buildSettings = {
				ALWAYS_EMBED_SWIFT_STANDARD_LIBRARIES = YES;
				BUNDLE_LOADER = "$(TEST_HOST)";
				CODE_SIGN_STYLE = Automatic;
				CURRENT_PROJECT_VERSION = 1;
				DEVELOPMENT_TEAM = 55GRJNAN44;
				GENERATE_INFOPLIST_FILE = YES;
				IPHONEOS_DEPLOYMENT_TARGET = 15.2;
				MARKETING_VERSION = 1.0;
				PRODUCT_BUNDLE_IDENTIFIER = rama.FlixTests;
				PRODUCT_NAME = "$(TARGET_NAME)";
				SWIFT_EMIT_LOC_STRINGS = NO;
				SWIFT_VERSION = 5.0;
				TARGETED_DEVICE_FAMILY = "1,2";
				TEST_HOST = "$(BUILT_PRODUCTS_DIR)/Flix.app/Flix";
			};
			name = Debug;
		};
		21D5D153279E2CE600DA0ABB /* Release */ = {
			isa = XCBuildConfiguration;
			buildSettings = {
				ALWAYS_EMBED_SWIFT_STANDARD_LIBRARIES = YES;
				BUNDLE_LOADER = "$(TEST_HOST)";
				CODE_SIGN_STYLE = Automatic;
				CURRENT_PROJECT_VERSION = 1;
				DEVELOPMENT_TEAM = 55GRJNAN44;
				GENERATE_INFOPLIST_FILE = YES;
				IPHONEOS_DEPLOYMENT_TARGET = 15.2;
				MARKETING_VERSION = 1.0;
				PRODUCT_BUNDLE_IDENTIFIER = rama.FlixTests;
				PRODUCT_NAME = "$(TARGET_NAME)";
				SWIFT_EMIT_LOC_STRINGS = NO;
				SWIFT_VERSION = 5.0;
				TARGETED_DEVICE_FAMILY = "1,2";
				TEST_HOST = "$(BUILT_PRODUCTS_DIR)/Flix.app/Flix";
			};
			name = Release;
		};
		21D5D155279E2CE600DA0ABB /* Debug */ = {
			isa = XCBuildConfiguration;
			buildSettings = {
				ALWAYS_EMBED_SWIFT_STANDARD_LIBRARIES = YES;
				CODE_SIGN_STYLE = Automatic;
				CURRENT_PROJECT_VERSION = 1;
				DEVELOPMENT_TEAM = 55GRJNAN44;
				GENERATE_INFOPLIST_FILE = YES;
				MARKETING_VERSION = 1.0;
				PRODUCT_BUNDLE_IDENTIFIER = rama.FlixUITests;
				PRODUCT_NAME = "$(TARGET_NAME)";
				SWIFT_EMIT_LOC_STRINGS = NO;
				SWIFT_VERSION = 5.0;
				TARGETED_DEVICE_FAMILY = "1,2";
				TEST_TARGET_NAME = Flix;
			};
			name = Debug;
		};
		21D5D156279E2CE600DA0ABB /* Release */ = {
			isa = XCBuildConfiguration;
			buildSettings = {
				ALWAYS_EMBED_SWIFT_STANDARD_LIBRARIES = YES;
				CODE_SIGN_STYLE = Automatic;
				CURRENT_PROJECT_VERSION = 1;
				DEVELOPMENT_TEAM = 55GRJNAN44;
				GENERATE_INFOPLIST_FILE = YES;
				MARKETING_VERSION = 1.0;
				PRODUCT_BUNDLE_IDENTIFIER = rama.FlixUITests;
				PRODUCT_NAME = "$(TARGET_NAME)";
				SWIFT_EMIT_LOC_STRINGS = NO;
				SWIFT_VERSION = 5.0;
				TARGETED_DEVICE_FAMILY = "1,2";
				TEST_TARGET_NAME = Flix;
			};
			name = Release;
		};
/* End XCBuildConfiguration section */

/* Begin XCConfigurationList section */
		21D5D11F279E2CE400DA0ABB /* Build configuration list for PBXProject "Flix" */ = {
			isa = XCConfigurationList;
			buildConfigurations = (
				21D5D14C279E2CE600DA0ABB /* Debug */,
				21D5D14D279E2CE600DA0ABB /* Release */,
			);
			defaultConfigurationIsVisible = 0;
			defaultConfigurationName = Release;
		};
		21D5D14E279E2CE600DA0ABB /* Build configuration list for PBXNativeTarget "Flix" */ = {
			isa = XCConfigurationList;
			buildConfigurations = (
				21D5D14F279E2CE600DA0ABB /* Debug */,
				21D5D150279E2CE600DA0ABB /* Release */,
			);
			defaultConfigurationIsVisible = 0;
			defaultConfigurationName = Release;
		};
		21D5D151279E2CE600DA0ABB /* Build configuration list for PBXNativeTarget "FlixTests" */ = {
			isa = XCConfigurationList;
			buildConfigurations = (
				21D5D152279E2CE600DA0ABB /* Debug */,
				21D5D153279E2CE600DA0ABB /* Release */,
			);
			defaultConfigurationIsVisible = 0;
			defaultConfigurationName = Release;
		};
		21D5D154279E2CE600DA0ABB /* Build configuration list for PBXNativeTarget "FlixUITests" */ = {
			isa = XCConfigurationList;
			buildConfigurations = (
				21D5D155279E2CE600DA0ABB /* Debug */,
				21D5D156279E2CE600DA0ABB /* Release */,
			);
			defaultConfigurationIsVisible = 0;
			defaultConfigurationName = Release;
		};
/* End XCConfigurationList section */

/* Begin XCRemoteSwiftPackageReference section */
		21D5D16127A0F44F00DA0ABB /* XCRemoteSwiftPackageReference "AlamofireImage" */ = {
			isa = XCRemoteSwiftPackageReference;
			repositoryURL = "https://github.com/Alamofire/AlamofireImage";
			requirement = {
				kind = upToNextMajorVersion;
				minimumVersion = 4.0.0;
			};
		};
/* End XCRemoteSwiftPackageReference section */

/* Begin XCSwiftPackageProductDependency section */
		21D5D16227A0F44F00DA0ABB /* AlamofireImage */ = {
			isa = XCSwiftPackageProductDependency;
			package = 21D5D16127A0F44F00DA0ABB /* XCRemoteSwiftPackageReference "AlamofireImage" */;
			productName = AlamofireImage;
		};
/* End XCSwiftPackageProductDependency section */
	};
	rootObject = 21D5D11C279E2CE400DA0ABB /* Project object */;
}
